{
  "nodes": {
    "nixlib": {
      "locked": {
        "lastModified": 1734224914,
        "narHash": "sha256-hKWALzQ/RxxXdKWsLKXULru6XTag9Cc5exgVyS4a/AE=",
        "owner": "nix-community",
        "repo": "nixpkgs.lib",
        "rev": "538697b664a64fade8ce628d01f35d1f1fd82d77",
        "type": "github"
      },
      "original": {
        "owner": "nix-community",
        "repo": "nixpkgs.lib",
        "type": "github"
      }
    },
    "nixpkgs": {
      "locked": {
        "lastModified": 1734126203,
        "narHash": "sha256-0XovF7BYP50rTD2v4r55tR5MuBLet7q4xIz6Rgh3BBU=",
        "owner": "NixOS",
        "repo": "nixpkgs",
        "rev": "71a6392e367b08525ee710a93af2e80083b5b3e2",
        "type": "github"
      },
      "original": {
        "owner": "NixOS",
        "ref": "nixpkgs-unstable",
        "repo": "nixpkgs",
        "type": "github"
      }
    },
    "root": {
      "inputs": {
        "nixlib": "nixlib",
        "nixpkgs": "nixpkgs"
      }
    }
  },
  "root": "root",
  "version": 7
}
